
Microsoft Visual Studio Solution File, Format Version 12.00
# Visual Studio Version 16
VisualStudioVersion = 16.0.31424.327
MinimumVisualStudioVersion = 10.0.40219.1
Project("{FAE04EC0-301F-11D3-BF4B-00C04F79EFBC}") = "Pong", "Pong\Pong.csproj", "{0D4CEF16-6A81-4172-BD61-ECE1BFC3068A}"
EndProject
Global
	GlobalSection(SolutionConfigurationPlatforms) = preSolution
		Debug|Any CPU = Debug|Any CPU
		Release|Any CPU = Release|Any CPU
	EndGlobalSection
	GlobalSection(ProjectConfigurationPlatforms) = postSolution
		{0D4CEF16-6A81-4172-BD61-ECE1BFC3068A}.Debug|Any CPU.ActiveCfg = Debug|Any CPU
		{0D4CEF16-6A81-4172-BD61-ECE1BFC3068A}.Debug|Any CPU.Build.0 = Debug|Any CPU
		{0D4CEF16-6A81-4172-BD61-ECE1BFC3068A}.Release|Any CPU.ActiveCfg = Release|Any CPU
		{0D4CEF16-6A81-4172-BD61-ECE1BFC3068A}.Release|Any CPU.Build.0 = Release|Any CPU
	EndGlobalSection
	GlobalSection(SolutionProperties) = preSolution
		HideSolutionNode = FALSE
	EndGlobalSection
	GlobalSection(ExtensibilityGlobals) = postSolution
		SolutionGuid = {65445834-4B21-4C52-8362-CF195F944F62}
	EndGlobalSection
EndGlobal
